
Microsoft Visual Studio Solution File, Format Version 12.00
# Visual Studio Version 16
VisualStudioVersion = 16.0.31702.278
MinimumVisualStudioVersion = 10.0.40219.1
Project("{FAE04EC0-301F-11D3-BF4B-00C04F79EFBC}") = "Sumator", "Sumator\Sumator.csproj", "{85765001-CC36-4D58-A49D-F4237B01792B}"
EndProject
Global
	GlobalSection(SolutionConfigurationPlatforms) = preSolution
		Debug|Any CPU = Debug|Any CPU
		Release|Any CPU = Release|Any CPU
	EndGlobalSection
	GlobalSection(ProjectConfigurationPlatforms) = postSolution
		{85765001-CC36-4D58-A49D-F4237B01792B}.Debug|Any CPU.ActiveCfg = Debug|Any CPU
		{85765001-CC36-4D58-A49D-F4237B01792B}.Debug|Any CPU.Build.0 = Debug|Any CPU
		{85765001-CC36-4D58-A49D-F4237B01792B}.Release|Any CPU.ActiveCfg = Release|Any CPU
		{85765001-CC36-4D58-A49D-F4237B01792B}.Release|Any CPU.Build.0 = Release|Any CPU
	EndGlobalSection
	GlobalSection(SolutionProperties) = preSolution
		HideSolutionNode = FALSE
	EndGlobalSection
	GlobalSection(ExtensibilityGlobals) = postSolution
		SolutionGuid = {23B29607-598C-488F-8DC9-9EB6C7E980C4}
	EndGlobalSection
EndGlobal
